
Microsoft Visual Studio Solution File, Format Version 12.00
# Visual Studio Version 17
VisualStudioVersion = 17.14.36109.1
MinimumVisualStudioVersion = 10.0.40219.1
Project("{FAE04EC0-301F-11D3-BF4B-00C04F79EFBC}") = "ZooConsole", "ZooConsole\ZooConsole.csproj", "{F2A58863-6D17-41C6-9DDC-F6F82BAC3AE0}"
EndProject
Project("{FAE04EC0-301F-11D3-BF4B-00C04F79EFBC}") = "ZoozinhoAPI", "ZoozinhoAPI\ZoozinhoAPI.csproj", "{2B3AB09D-CBFC-420F-9165-E950C289CE5E}"
EndProject
Global
	GlobalSection(SolutionConfigurationPlatforms) = preSolution
		Debug|Any CPU = Debug|Any CPU
		Release|Any CPU = Release|Any CPU
	EndGlobalSection
	GlobalSection(ProjectConfigurationPlatforms) = postSolution
		{F2A58863-6D17-41C6-9DDC-F6F82BAC3AE0}.Debug|Any CPU.ActiveCfg = Debug|Any CPU
		{F2A58863-6D17-41C6-9DDC-F6F82BAC3AE0}.Debug|Any CPU.Build.0 = Debug|Any CPU
		{F2A58863-6D17-41C6-9DDC-F6F82BAC3AE0}.Release|Any CPU.ActiveCfg = Release|Any CPU
		{F2A58863-6D17-41C6-9DDC-F6F82BAC3AE0}.Release|Any CPU.Build.0 = Release|Any CPU
		{2B3AB09D-CBFC-420F-9165-E950C289CE5E}.Debug|Any CPU.ActiveCfg = Debug|Any CPU
		{2B3AB09D-CBFC-420F-9165-E950C289CE5E}.Debug|Any CPU.Build.0 = Debug|Any CPU
		{2B3AB09D-CBFC-420F-9165-E950C289CE5E}.Release|Any CPU.ActiveCfg = Release|Any CPU
		{2B3AB09D-CBFC-420F-9165-E950C289CE5E}.Release|Any CPU.Build.0 = Release|Any CPU
	EndGlobalSection
	GlobalSection(SolutionProperties) = preSolution
		HideSolutionNode = FALSE
	EndGlobalSection
	GlobalSection(ExtensibilityGlobals) = postSolution
		SolutionGuid = {32D2768E-E077-453C-A967-030AE9180D9D}
	EndGlobalSection
EndGlobal
